
Microsoft Visual Studio Solution File, Format Version 12.00
# Visual Studio Version 17
VisualStudioVersion = 17.11.35327.3
MinimumVisualStudioVersion = 10.0.40219.1
Project("{9A19103F-16F7-4668-BE54-9A1E7A4F7556}") = "BulkyWeb", "BulkyWeb\BulkyWeb.csproj", "{E1DACC2B-49C9-4A2C-BB14-09A13DCA5999}"
EndProject
Project("{FAE04EC0-301F-11D3-BF4B-00C04F79EFBC}") = "Bulky.DataAccess", "Bulky.DataAccess\Bulky.DataAccess.csproj", "{A13DF7B9-6B33-4BFB-BB26-AED092AF278F}"
EndProject
Project("{FAE04EC0-301F-11D3-BF4B-00C04F79EFBC}") = "Bulky.Models", "Bulky.Models\Bulky.Models.csproj", "{986EA2C5-809D-49C2-A657-E820F20AF150}"
EndProject
Project("{FAE04EC0-301F-11D3-BF4B-00C04F79EFBC}") = "Bulky.Utility", "Bulky.Utility\Bulky.Utility.csproj", "{6FBBD202-8170-47F3-952F-57267F568E48}"
EndProject
Global
	GlobalSection(SolutionConfigurationPlatforms) = preSolution
		Debug|Any CPU = Debug|Any CPU
		Release|Any CPU = Release|Any CPU
	EndGlobalSection
	GlobalSection(ProjectConfigurationPlatforms) = postSolution
		{E1DACC2B-49C9-4A2C-BB14-09A13DCA5999}.Debug|Any CPU.ActiveCfg = Debug|Any CPU
		{E1DACC2B-49C9-4A2C-BB14-09A13DCA5999}.Debug|Any CPU.Build.0 = Debug|Any CPU
		{E1DACC2B-49C9-4A2C-BB14-09A13DCA5999}.Release|Any CPU.ActiveCfg = Release|Any CPU
		{E1DACC2B-49C9-4A2C-BB14-09A13DCA5999}.Release|Any CPU.Build.0 = Release|Any CPU
		{A13DF7B9-6B33-4BFB-BB26-AED092AF278F}.Debug|Any CPU.ActiveCfg = Debug|Any CPU
		{A13DF7B9-6B33-4BFB-BB26-AED092AF278F}.Debug|Any CPU.Build.0 = Debug|Any CPU
		{A13DF7B9-6B33-4BFB-BB26-AED092AF278F}.Release|Any CPU.ActiveCfg = Release|Any CPU
		{A13DF7B9-6B33-4BFB-BB26-AED092AF278F}.Release|Any CPU.Build.0 = Release|Any CPU
		{986EA2C5-809D-49C2-A657-E820F20AF150}.Debug|Any CPU.ActiveCfg = Debug|Any CPU
		{986EA2C5-809D-49C2-A657-E820F20AF150}.Debug|Any CPU.Build.0 = Debug|Any CPU
		{986EA2C5-809D-49C2-A657-E820F20AF150}.Release|Any CPU.ActiveCfg = Release|Any CPU
		{986EA2C5-809D-49C2-A657-E820F20AF150}.Release|Any CPU.Build.0 = Release|Any CPU
		{6FBBD202-8170-47F3-952F-57267F568E48}.Debug|Any CPU.ActiveCfg = Debug|Any CPU
		{6FBBD202-8170-47F3-952F-57267F568E48}.Debug|Any CPU.Build.0 = Debug|Any CPU
		{6FBBD202-8170-47F3-952F-57267F568E48}.Release|Any CPU.ActiveCfg = Release|Any CPU
		{6FBBD202-8170-47F3-952F-57267F568E48}.Release|Any CPU.Build.0 = Release|Any CPU
	EndGlobalSection
	GlobalSection(SolutionProperties) = preSolution
		HideSolutionNode = FALSE
	EndGlobalSection
	GlobalSection(ExtensibilityGlobals) = postSolution
		SolutionGuid = {27D577D5-4DBA-4149-B924-EB0A209A6F92}
	EndGlobalSection
EndGlobal
