
Microsoft Visual Studio Solution File, Format Version 12.00
# Visual Studio Version 17
VisualStudioVersion = 17.11.35327.3
MinimumVisualStudioVersion = 10.0.40219.1
Project("{FAE04EC0-301F-11D3-BF4B-00C04F79EFBC}") = "BulkyWeb", "BulkyWeb\BulkyWeb.csproj", "{E1DACC2B-49C9-4A2C-BB14-09A13DCA5999}"
EndProject
Global
	GlobalSection(SolutionConfigurationPlatforms) = preSolution
		Debug|Any CPU = Debug|Any CPU
		Release|Any CPU = Release|Any CPU
	EndGlobalSection
	GlobalSection(ProjectConfigurationPlatforms) = postSolution
		{E1DACC2B-49C9-4A2C-BB14-09A13DCA5999}.Debug|Any CPU.ActiveCfg = Debug|Any CPU
		{E1DACC2B-49C9-4A2C-BB14-09A13DCA5999}.Debug|Any CPU.Build.0 = Debug|Any CPU
		{E1DACC2B-49C9-4A2C-BB14-09A13DCA5999}.Release|Any CPU.ActiveCfg = Release|Any CPU
		{E1DACC2B-49C9-4A2C-BB14-09A13DCA5999}.Release|Any CPU.Build.0 = Release|Any CPU
	EndGlobalSection
	GlobalSection(SolutionProperties) = preSolution
		HideSolutionNode = FALSE
	EndGlobalSection
	GlobalSection(ExtensibilityGlobals) = postSolution
		SolutionGuid = {27D577D5-4DBA-4149-B924-EB0A209A6F92}
	EndGlobalSection
EndGlobal
